
Microsoft Visual Studio Solution File, Format Version 12.00
# Visual Studio Version 17
VisualStudioVersion = 17.10.34928.147
MinimumVisualStudioVersion = 10.0.40219.1
Project("{FAE04EC0-301F-11D3-BF4B-00C04F79EFBC}") = "decoupling", "decoupling\decoupling.csproj", "{32749FE9-73AE-473B-A999-43E95B1E7770}"
EndProject
Project("{FAE04EC0-301F-11D3-BF4B-00C04F79EFBC}") = "DataAccessLayer", "DataAccessLayer\DataAccessLayer.csproj", "{8B5BC6EB-755A-4E5E-85B6-60CDE841AC82}"
EndProject
Project("{FAE04EC0-301F-11D3-BF4B-00C04F79EFBC}") = "FactoryRepository", "FactoryRepository\FactoryRepository.csproj", "{7E5B3A35-0B46-4B12-9109-1B58BEB60DC1}"
EndProject
Global
	GlobalSection(SolutionConfigurationPlatforms) = preSolution
		Debug|Any CPU = Debug|Any CPU
		Release|Any CPU = Release|Any CPU
	EndGlobalSection
	GlobalSection(ProjectConfigurationPlatforms) = postSolution
		{32749FE9-73AE-473B-A999-43E95B1E7770}.Debug|Any CPU.ActiveCfg = Debug|Any CPU
		{32749FE9-73AE-473B-A999-43E95B1E7770}.Debug|Any CPU.Build.0 = Debug|Any CPU
		{32749FE9-73AE-473B-A999-43E95B1E7770}.Release|Any CPU.ActiveCfg = Release|Any CPU
		{32749FE9-73AE-473B-A999-43E95B1E7770}.Release|Any CPU.Build.0 = Release|Any CPU
		{8B5BC6EB-755A-4E5E-85B6-60CDE841AC82}.Debug|Any CPU.ActiveCfg = Debug|Any CPU
		{8B5BC6EB-755A-4E5E-85B6-60CDE841AC82}.Debug|Any CPU.Build.0 = Debug|Any CPU
		{8B5BC6EB-755A-4E5E-85B6-60CDE841AC82}.Release|Any CPU.ActiveCfg = Release|Any CPU
		{8B5BC6EB-755A-4E5E-85B6-60CDE841AC82}.Release|Any CPU.Build.0 = Release|Any CPU
		{7E5B3A35-0B46-4B12-9109-1B58BEB60DC1}.Debug|Any CPU.ActiveCfg = Debug|Any CPU
		{7E5B3A35-0B46-4B12-9109-1B58BEB60DC1}.Debug|Any CPU.Build.0 = Debug|Any CPU
		{7E5B3A35-0B46-4B12-9109-1B58BEB60DC1}.Release|Any CPU.ActiveCfg = Release|Any CPU
		{7E5B3A35-0B46-4B12-9109-1B58BEB60DC1}.Release|Any CPU.Build.0 = Release|Any CPU
	EndGlobalSection
	GlobalSection(SolutionProperties) = preSolution
		HideSolutionNode = FALSE
	EndGlobalSection
	GlobalSection(ExtensibilityGlobals) = postSolution
		SolutionGuid = {6E005FC8-3919-4F3E-A381-D84BA331E27B}
	EndGlobalSection
EndGlobal
